// !$*UTF8*$!
{
	archiveVersion = 1;
	classes = {
	};
	objectVersion = 46;
	objects = {

/* Begin PBXBuildFile section */
		059025EF1EE74E0000A12972 /* AppDelegate.swift in Sources */ = {isa = PBXBuildFile; fileRef = 059025EE1EE74E0000A12972 /* AppDelegate.swift */; };
		059025F11EE74E0000A12972 /* ViewController.swift in Sources */ = {isa = PBXBuildFile; fileRef = 059025F01EE74E0000A12972 /* ViewController.swift */; };
		059025F41EE74E0000A12972 /* Main.storyboard in Resources */ = {isa = PBXBuildFile; fileRef = 059025F21EE74E0000A12972 /* Main.storyboard */; };
		059025F61EE74E0000A12972 /* Assets.xcassets in Resources */ = {isa = PBXBuildFile; fileRef = 059025F51EE74E0000A12972 /* Assets.xcassets */; };
		059025F91EE74E0000A12972 /* LaunchScreen.storyboard in Resources */ = {isa = PBXBuildFile; fileRef = 059025F71EE74E0000A12972 /* LaunchScreen.storyboard */; };
		92BF654F7982A3EC547DA1C3 /* libPods-ZendeskTest.a in Frameworks */ = {isa = PBXBuildFile; fileRef = 6FB68B50F2B25B4F6D9C983A /* libPods-ZendeskTest.a */; };
/* End PBXBuildFile section */

/* Begin PBXFileReference section */
		059025EB1EE74E0000A12972 /* ZendeskTest.app */ = {isa = PBXFileReference; explicitFileType = wrapper.application; includeInIndex = 0; path = ZendeskTest.app; sourceTree = BUILT_PRODUCTS_DIR; };
		059025EE1EE74E0000A12972 /* AppDelegate.swift */ = {isa = PBXFileReference; lastKnownFileType = sourcecode.swift; path = AppDelegate.swift; sourceTree = "<group>"; };
		059025F01EE74E0000A12972 /* ViewController.swift */ = {isa = PBXFileReference; lastKnownFileType = sourcecode.swift; path = ViewController.swift; sourceTree = "<group>"; };
		059025F31EE74E0000A12972 /* Base */ = {isa = PBXFileReference; lastKnownFileType = file.storyboard; name = Base; path = Base.lproj/Main.storyboard; sourceTree = "<group>"; };
		059025F51EE74E0000A12972 /* Assets.xcassets */ = {isa = PBXFileReference; lastKnownFileType = folder.assetcatalog; path = Assets.xcassets; sourceTree = "<group>"; };
		059025F81EE74E0000A12972 /* Base */ = {isa = PBXFileReference; lastKnownFileType = file.storyboard; name = Base; path = Base.lproj/LaunchScreen.storyboard; sourceTree = "<group>"; };
		059025FA1EE74E0000A12972 /* Info.plist */ = {isa = PBXFileReference; lastKnownFileType = text.plist.xml; path = Info.plist; sourceTree = "<group>"; };
		063FE8EADEE0FE8AA0625E84 /* Pods-ZendeskTest.debug.xcconfig */ = {isa = PBXFileReference; includeInIndex = 1; lastKnownFileType = text.xcconfig; name = "Pods-ZendeskTest.debug.xcconfig"; path = "Pods/Target Support Files/Pods-ZendeskTest/Pods-ZendeskTest.debug.xcconfig"; sourceTree = "<group>"; };
		6FB68B50F2B25B4F6D9C983A /* libPods-ZendeskTest.a */ = {isa = PBXFileReference; explicitFileType = archive.ar; includeInIndex = 0; path = "libPods-ZendeskTest.a"; sourceTree = BUILT_PRODUCTS_DIR; };
		D5679B4336FD9E02557FB20E /* Pods-ZendeskTest.release.xcconfig */ = {isa = PBXFileReference; includeInIndex = 1; lastKnownFileType = text.xcconfig; name = "Pods-ZendeskTest.release.xcconfig"; path = "Pods/Target Support Files/Pods-ZendeskTest/Pods-ZendeskTest.release.xcconfig"; sourceTree = "<group>"; };
/* End PBXFileReference section */

/* Begin PBXFrameworksBuildPhase section */
		059025E81EE74E0000A12972 /* Frameworks */ = {
			isa = PBXFrameworksBuildPhase;
			buildActionMask = 2147483647;
			files = (
				92BF654F7982A3EC547DA1C3 /* libPods-ZendeskTest.a in Frameworks */,
			);
			runOnlyForDeploymentPostprocessing = 0;
		};
/* End PBXFrameworksBuildPhase section */

/* Begin PBXGroup section */
		059025E21EE74E0000A12972 = {
			isa = PBXGroup;
			children = (
				059025ED1EE74E0000A12972 /* ZendeskTest */,
				059025EC1EE74E0000A12972 /* Products */,
				DDE1A9990278576B8CB8DB11 /* Pods */,
				43008F211E533CAFDF6A0AF2 /* Frameworks */,
			);
			sourceTree = "<group>";
		};
		059025EC1EE74E0000A12972 /* Products */ = {
			isa = PBXGroup;
			children = (
				059025EB1EE74E0000A12972 /* ZendeskTest.app */,
			);
			name = Products;
			sourceTree = "<group>";
		};
		059025ED1EE74E0000A12972 /* ZendeskTest */ = {
			isa = PBXGroup;
			children = (
				059025EE1EE74E0000A12972 /* AppDelegate.swift */,
				059025F01EE74E0000A12972 /* ViewController.swift */,
				059025F21EE74E0000A12972 /* Main.storyboard */,
				059025F51EE74E0000A12972 /* Assets.xcassets */,
				059025F71EE74E0000A12972 /* LaunchScreen.storyboard */,
				059025FA1EE74E0000A12972 /* Info.plist */,
			);
			path = ZendeskTest;
			sourceTree = "<group>";
		};
		43008F211E533CAFDF6A0AF2 /* Frameworks */ = {
			isa = PBXGroup;
			children = (
				6FB68B50F2B25B4F6D9C983A /* libPods-ZendeskTest.a */,
			);
			name = Frameworks;
			sourceTree = "<group>";
		};
		DDE1A9990278576B8CB8DB11 /* Pods */ = {
			isa = PBXGroup;
			children = (
				063FE8EADEE0FE8AA0625E84 /* Pods-ZendeskTest.debug.xcconfig */,
				D5679B4336FD9E02557FB20E /* Pods-ZendeskTest.release.xcconfig */,
			);
			name = Pods;
			sourceTree = "<group>";
		};
/* End PBXGroup section */

/* Begin PBXNativeTarget section */
		059025EA1EE74E0000A12972 /* ZendeskTest */ = {
			isa = PBXNativeTarget;
			buildConfigurationList = 059025FD1EE74E0000A12972 /* Build configuration list for PBXNativeTarget "ZendeskTest" */;
			buildPhases = (
				1B3E0D331A3489D1D8FDD56A /* [CP] Check Pods Manifest.lock */,
				059025E71EE74E0000A12972 /* Sources */,
				059025E81EE74E0000A12972 /* Frameworks */,
				059025E91EE74E0000A12972 /* Resources */,
				4563A010C14BB99833B5B081 /* [CP] Embed Pods Frameworks */,
				C1E211A5B912B5D4C0838D6B /* [CP] Copy Pods Resources */,
			);
			buildRules = (
			);
			dependencies = (
			);
			name = ZendeskTest;
			productName = ZendeskTest;
			productReference = 059025EB1EE74E0000A12972 /* ZendeskTest.app */;
			productType = "com.apple.product-type.application";
		};
/* End PBXNativeTarget section */

/* Begin PBXProject section */
		059025E31EE74E0000A12972 /* Project object */ = {
			isa = PBXProject;
			attributes = {
				LastSwiftUpdateCheck = 0830;
				LastUpgradeCheck = 0830;
				ORGANIZATIONNAME = "Hannele Kormano";
				TargetAttributes = {
					059025EA1EE74E0000A12972 = {
						CreatedOnToolsVersion = 8.3.2;
						ProvisioningStyle = Automatic;
					};
				};
			};
			buildConfigurationList = 059025E61EE74E0000A12972 /* Build configuration list for PBXProject "ZendeskTest" */;
			compatibilityVersion = "Xcode 3.2";
			developmentRegion = English;
			hasScannedForEncodings = 0;
			knownRegions = (
				en,
				Base,
			);
			mainGroup = 059025E21EE74E0000A12972;
			productRefGroup = 059025EC1EE74E0000A12972 /* Products */;
			projectDirPath = "";
			projectRoot = "";
			targets = (
				059025EA1EE74E0000A12972 /* ZendeskTest */,
			);
		};
/* End PBXProject section */

/* Begin PBXResourcesBuildPhase section */
		059025E91EE74E0000A12972 /* Resources */ = {
			isa = PBXResourcesBuildPhase;
			buildActionMask = 2147483647;
			files = (
				059025F91EE74E0000A12972 /* LaunchScreen.storyboard in Resources */,
				059025F61EE74E0000A12972 /* Assets.xcassets in Resources */,
				059025F41EE74E0000A12972 /* Main.storyboard in Resources */,
			);
			runOnlyForDeploymentPostprocessing = 0;
		};
/* End PBXResourcesBuildPhase section */

/* Begin PBXShellScriptBuildPhase section */
		1B3E0D331A3489D1D8FDD56A /* [CP] Check Pods Manifest.lock */ = {
			isa = PBXShellScriptBuildPhase;
			buildActionMask = 2147483647;
			files = (
			);
			inputPaths = (
			);
			name = "[CP] Check Pods Manifest.lock";
			outputPaths = (
			);
			runOnlyForDeploymentPostprocessing = 0;
			shellPath = /bin/sh;
			shellScript = "diff \"${PODS_PODFILE_DIR_PATH}/Podfile.lock\" \"${PODS_ROOT}/Manifest.lock\" > /dev/null\nif [ $? != 0 ] ; then\n    # print error to STDERR\n    echo \"error: The sandbox is not in sync with the Podfile.lock. Run 'pod install' or update your CocoaPods installation.\" >&2\n    exit 1\nfi\n";
			showEnvVarsInLog = 0;
		};
		4563A010C14BB99833B5B081 /* [CP] Embed Pods Frameworks */ = {
			isa = PBXShellScriptBuildPhase;
			buildActionMask = 2147483647;
			files = (
			);
			inputPaths = (
			);
			name = "[CP] Embed Pods Frameworks";
			outputPaths = (
			);
			runOnlyForDeploymentPostprocessing = 0;
			shellPath = /bin/sh;
			shellScript = "\"${SRCROOT}/Pods/Target Support Files/Pods-ZendeskTest/Pods-ZendeskTest-frameworks.sh\"\n";
			showEnvVarsInLog = 0;
		};
		C1E211A5B912B5D4C0838D6B /* [CP] Copy Pods Resources */ = {
			isa = PBXShellScriptBuildPhase;
			buildActionMask = 2147483647;
			files = (
			);
			inputPaths = (
			);
			name = "[CP] Copy Pods Resources";
			outputPaths = (
			);
			runOnlyForDeploymentPostprocessing = 0;
			shellPath = /bin/sh;
			shellScript = "\"${SRCROOT}/Pods/Target Support Files/Pods-ZendeskTest/Pods-ZendeskTest-resources.sh\"\n";
			showEnvVarsInLog = 0;
		};
/* End PBXShellScriptBuildPhase section */

/* Begin PBXSourcesBuildPhase section */
		059025E71EE74E0000A12972 /* Sources */ = {
			isa = PBXSourcesBuildPhase;
			buildActionMask = 2147483647;
			files = (
				059025F11EE74E0000A12972 /* ViewController.swift in Sources */,
				059025EF1EE74E0000A12972 /* AppDelegate.swift in Sources */,
			);
			runOnlyForDeploymentPostprocessing = 0;
		};
/* End PBXSourcesBuildPhase section */

/* Begin PBXVariantGroup section */
		059025F21EE74E0000A12972 /* Main.storyboard */ = {
			isa = PBXVariantGroup;
			children = (
				059025F31EE74E0000A12972 /* Base */,
			);
			name = Main.storyboard;
			sourceTree = "<group>";
		};
		059025F71EE74E0000A12972 /* LaunchScreen.storyboard */ = {
			isa = PBXVariantGroup;
			children = (
				059025F81EE74E0000A12972 /* Base */,
			);
			name = LaunchScreen.storyboard;
			sourceTree = "<group>";
		};
/* End PBXVariantGroup section */

/* Begin XCBuildConfiguration section */
		059025FB1EE74E0000A12972 /* Debug */ = {
			isa = XCBuildConfiguration;
			buildSettings = {
				ALWAYS_SEARCH_USER_PATHS = NO;
				CLANG_ANALYZER_NONNULL = YES;
				CLANG_ANALYZER_NUMBER_OBJECT_CONVERSION = YES_AGGRESSIVE;
				CLANG_CXX_LANGUAGE_STANDARD = "gnu++0x";
				CLANG_CXX_LIBRARY = "libc++";
				CLANG_ENABLE_MODULES = YES;
				CLANG_ENABLE_OBJC_ARC = YES;
				CLANG_WARN_BOOL_CONVERSION = YES;
				CLANG_WARN_CONSTANT_CONVERSION = YES;
				CLANG_WARN_DIRECT_OBJC_ISA_USAGE = YES_ERROR;
				CLANG_WARN_DOCUMENTATION_COMMENTS = YES;
				CLANG_WARN_EMPTY_BODY = YES;
				CLANG_WARN_ENUM_CONVERSION = YES;
				CLANG_WARN_INFINITE_RECURSION = YES;
				CLANG_WARN_INT_CONVERSION = YES;
				CLANG_WARN_OBJC_ROOT_CLASS = YES_ERROR;
				CLANG_WARN_SUSPICIOUS_MOVE = YES;
				CLANG_WARN_UNREACHABLE_CODE = YES;
				CLANG_WARN__DUPLICATE_METHOD_MATCH = YES;
				"CODE_SIGN_IDENTITY[sdk=iphoneos*]" = "iPhone Developer";
				COPY_PHASE_STRIP = NO;
				DEBUG_INFORMATION_FORMAT = dwarf;
				ENABLE_STRICT_OBJC_MSGSEND = YES;
				ENABLE_TESTABILITY = YES;
				GCC_C_LANGUAGE_STANDARD = gnu99;
				GCC_DYNAMIC_NO_PIC = NO;
				GCC_NO_COMMON_BLOCKS = YES;
				GCC_OPTIMIZATION_LEVEL = 0;
				GCC_PREPROCESSOR_DEFINITIONS = (
					"DEBUG=1",
					"$(inherited)",
				);
				GCC_WARN_64_TO_32_BIT_CONVERSION = YES;
				GCC_WARN_ABOUT_RETURN_TYPE = YES_ERROR;
				GCC_WARN_UNDECLARED_SELECTOR = YES;
				GCC_WARN_UNINITIALIZED_AUTOS = YES_AGGRESSIVE;
				GCC_WARN_UNUSED_FUNCTION = YES;
				GCC_WARN_UNUSED_VARIABLE = YES;
				IPHONEOS_DEPLOYMENT_TARGET = 10.3;
				MTL_ENABLE_DEBUG_INFO = YES;
				ONLY_ACTIVE_ARCH = YES;
				SDKROOT = iphoneos;
				SWIFT_ACTIVE_COMPILATION_CONDITIONS = DEBUG;
				SWIFT_OPTIMIZATION_LEVEL = "-Onone";
			};
			name = Debug;
		};
		059025FC1EE74E0000A12972 /* Release */ = {
			isa = XCBuildConfiguration;
			buildSettings = {
				ALWAYS_SEARCH_USER_PATHS = NO;
				CLANG_ANALYZER_NONNULL = YES;
				CLANG_ANALYZER_NUMBER_OBJECT_CONVERSION = YES_AGGRESSIVE;
				CLANG_CXX_LANGUAGE_STANDARD = "gnu++0x";
				CLANG_CXX_LIBRARY = "libc++";
				CLANG_ENABLE_MODULES = YES;
				CLANG_ENABLE_OBJC_ARC = YES;
				CLANG_WARN_BOOL_CONVERSION = YES;
				CLANG_WARN_CONSTANT_CONVERSION = YES;
				CLANG_WARN_DIRECT_OBJC_ISA_USAGE = YES_ERROR;
				CLANG_WARN_DOCUMENTATION_COMMENTS = YES;
				CLANG_WARN_EMPTY_BODY = YES;
				CLANG_WARN_ENUM_CONVERSION = YES;
				CLANG_WARN_INFINITE_RECURSION = YES;
				CLANG_WARN_INT_CONVERSION = YES;
				CLANG_WARN_OBJC_ROOT_CLASS = YES_ERROR;
				CLANG_WARN_SUSPICIOUS_MOVE = YES;
				CLANG_WARN_UNREACHABLE_CODE = YES;
				CLANG_WARN__DUPLICATE_METHOD_MATCH = YES;
				"CODE_SIGN_IDENTITY[sdk=iphoneos*]" = "iPhone Developer";
				COPY_PHASE_STRIP = NO;
				DEBUG_INFORMATION_FORMAT = "dwarf-with-dsym";
				ENABLE_NS_ASSERTIONS = NO;
				ENABLE_STRICT_OBJC_MSGSEND = YES;
				GCC_C_LANGUAGE_STANDARD = gnu99;
				GCC_NO_COMMON_BLOCKS = YES;
				GCC_WARN_64_TO_32_BIT_CONVERSION = YES;
				GCC_WARN_ABOUT_RETURN_TYPE = YES_ERROR;
				GCC_WARN_UNDECLARED_SELECTOR = YES;
				GCC_WARN_UNINITIALIZED_AUTOS = YES_AGGRESSIVE;
				GCC_WARN_UNUSED_FUNCTION = YES;
				GCC_WARN_UNUSED_VARIABLE = YES;
				IPHONEOS_DEPLOYMENT_TARGET = 10.3;
				MTL_ENABLE_DEBUG_INFO = NO;
				SDKROOT = iphoneos;
				SWIFT_OPTIMIZATION_LEVEL = "-Owholemodule";
				VALIDATE_PRODUCT = YES;
			};
			name = Release;
		};
		059025FE1EE74E0000A12972 /* Debug */ = {
			isa = XCBuildConfiguration;
			baseConfigurationReference = 063FE8EADEE0FE8AA0625E84 /* Pods-ZendeskTest.debug.xcconfig */;
			buildSettings = {
				ASSETCATALOG_COMPILER_APPICON_NAME = AppIcon;
				INFOPLIST_FILE = ZendeskTest/Info.plist;
				LD_RUNPATH_SEARCH_PATHS = "$(inherited) @executable_path/Frameworks";
				PRODUCT_BUNDLE_IDENTIFIER = com.hkormano.ZendeskTest;
				PRODUCT_NAME = "$(TARGET_NAME)";
				SWIFT_VERSION = 3.0;
			};
			name = Debug;
		};
		059025FF1EE74E0000A12972 /* Release */ = {
			isa = XCBuildConfiguration;
			baseConfigurationReference = D5679B4336FD9E02557FB20E /* Pods-ZendeskTest.release.xcconfig */;
			buildSettings = {
				ASSETCATALOG_COMPILER_APPICON_NAME = AppIcon;
				INFOPLIST_FILE = ZendeskTest/Info.plist;
				LD_RUNPATH_SEARCH_PATHS = "$(inherited) @executable_path/Frameworks";
				PRODUCT_BUNDLE_IDENTIFIER = com.hkormano.ZendeskTest;
				PRODUCT_NAME = "$(TARGET_NAME)";
				SWIFT_VERSION = 3.0;
			};
			name = Release;
		};
/* End XCBuildConfiguration section */

/* Begin XCConfigurationList section */
		059025E61EE74E0000A12972 /* Build configuration list for PBXProject "ZendeskTest" */ = {
			isa = XCConfigurationList;
			buildConfigurations = (
				059025FB1EE74E0000A12972 /* Debug */,
				059025FC1EE74E0000A12972 /* Release */,
			);
			defaultConfigurationIsVisible = 0;
			defaultConfigurationName = Release;
		};
		059025FD1EE74E0000A12972 /* Build configuration list for PBXNativeTarget "ZendeskTest" */ = {
			isa = XCConfigurationList;
			buildConfigurations = (
				059025FE1EE74E0000A12972 /* Debug */,
				059025FF1EE74E0000A12972 /* Release */,
			);
			defaultConfigurationIsVisible = 0;
			defaultConfigurationName = Release;
		};
/* End XCConfigurationList section */
	};
	rootObject = 059025E31EE74E0000A12972 /* Project object */;
}
